
Microsoft Visual Studio Solution File, Format Version 12.00
# Visual Studio 15
VisualStudioVersion = 15.0.27703.2026
MinimumVisualStudioVersion = 10.0.40219.1
Project("{FAE04EC0-301F-11D3-BF4B-00C04F79EFBC}") = "Digital_signature_DSA", "Digital_signature_DSA\Digital_signature_DSA.csproj", "{30D0C212-FDE0-484D-86F9-FE551D697677}"
EndProject
Global
	GlobalSection(SolutionConfigurationPlatforms) = preSolution
		Debug|Any CPU = Debug|Any CPU
		Release|Any CPU = Release|Any CPU
	EndGlobalSection
	GlobalSection(ProjectConfigurationPlatforms) = postSolution
		{30D0C212-FDE0-484D-86F9-FE551D697677}.Debug|Any CPU.ActiveCfg = Debug|Any CPU
		{30D0C212-FDE0-484D-86F9-FE551D697677}.Debug|Any CPU.Build.0 = Debug|Any CPU
		{30D0C212-FDE0-484D-86F9-FE551D697677}.Release|Any CPU.ActiveCfg = Release|Any CPU
		{30D0C212-FDE0-484D-86F9-FE551D697677}.Release|Any CPU.Build.0 = Release|Any CPU
	EndGlobalSection
	GlobalSection(SolutionProperties) = preSolution
		HideSolutionNode = FALSE
	EndGlobalSection
	GlobalSection(ExtensibilityGlobals) = postSolution
		SolutionGuid = {77933465-11BB-4C2E-852D-D6C921EB4D14}
	EndGlobalSection
EndGlobal
